// !$*UTF8*$!
{
	archiveVersion = 1;
	classes = {
	};
	objectVersion = 50;
	objects = {

/* Begin PBXBuildFile section */
		580A30D5259FD8650024E5F1 /* Reachability.swift in Sources */ = {isa = PBXBuildFile; fileRef = 580A30D4259FD8650024E5F1 /* Reachability.swift */; };
		581463C825BCD9110047B804 /* PopularityGetter.swift in Sources */ = {isa = PBXBuildFile; fileRef = 581463C725BCD9110047B804 /* PopularityGetter.swift */; };
		581463D025BCE3DB0047B804 /* Assets.xcassets in Resources */ = {isa = PBXBuildFile; fileRef = 581463CF25BCE3DB0047B804 /* Assets.xcassets */; };
		581463D525BCE4100047B804 /* DayData.swift in Sources */ = {isa = PBXBuildFile; fileRef = 581463D425BCE4100047B804 /* DayData.swift */; };
		581463DD25BCE4200047B804 /* DataInterpreter.swift in Sources */ = {isa = PBXBuildFile; fileRef = 581463DC25BCE4200047B804 /* DataInterpreter.swift */; };
		581463E725BCE42A0047B804 /* Day.swift in Sources */ = {isa = PBXBuildFile; fileRef = 581463E425BCE4290047B804 /* Day.swift */; };
		581463E825BCE42A0047B804 /* DataManager.swift in Sources */ = {isa = PBXBuildFile; fileRef = 581463E525BCE4290047B804 /* DataManager.swift */; };
		581463E925BCE42A0047B804 /* String.swift in Sources */ = {isa = PBXBuildFile; fileRef = 581463E625BCE42A0047B804 /* String.swift */; };
		582609CF25B8DC380001D30D /* Zip3Generator.swift in Sources */ = {isa = PBXBuildFile; fileRef = 582609CE25B8DC380001D30D /* Zip3Generator.swift */; };
		582609DA25BBDFAE0001D30D /* Dictionary.swift in Sources */ = {isa = PBXBuildFile; fileRef = 582609D925BBDFAE0001D30D /* Dictionary.swift */; };
		582D5F8D257C3648003C5668 /* AppDelegate.swift in Sources */ = {isa = PBXBuildFile; fileRef = 582D5F8C257C3648003C5668 /* AppDelegate.swift */; };
		582D5F8F257C3648003C5668 /* SceneDelegate.swift in Sources */ = {isa = PBXBuildFile; fileRef = 582D5F8E257C3648003C5668 /* SceneDelegate.swift */; };
		582D5F91257C3648003C5668 /* ViewController.swift in Sources */ = {isa = PBXBuildFile; fileRef = 582D5F90257C3648003C5668 /* ViewController.swift */; };
		582D5F94257C3648003C5668 /* Main.storyboard in Resources */ = {isa = PBXBuildFile; fileRef = 582D5F92257C3648003C5668 /* Main.storyboard */; };
		582D5F99257C364B003C5668 /* LaunchScreen.storyboard in Resources */ = {isa = PBXBuildFile; fileRef = 582D5F97257C364B003C5668 /* LaunchScreen.storyboard */; };
		582D5FC0257C3695003C5668 /* SecondViewController.swift in Sources */ = {isa = PBXBuildFile; fileRef = 582D5FBF257C3695003C5668 /* SecondViewController.swift */; };
		5834076A25858E3F00022F0F /* EventViewController.swift in Sources */ = {isa = PBXBuildFile; fileRef = 5834076925858E3F00022F0F /* EventViewController.swift */; };
		5847583925C27FE8009EC9B6 /* DPopularityGetter.swift in Sources */ = {isa = PBXBuildFile; fileRef = 5847583825C27FE8009EC9B6 /* DPopularityGetter.swift */; };
		586E7640258FD0C600E6F6B5 /* DeathViewController.swift in Sources */ = {isa = PBXBuildFile; fileRef = 586E763F258FD0C600E6F6B5 /* DeathViewController.swift */; };
		58A70D3125AFADE90027CC47 /* PageViewData.swift in Sources */ = {isa = PBXBuildFile; fileRef = 58A70D3025AFADE90027CC47 /* PageViewData.swift */; };
		58A70D9225B661580027CC47 /* IntroViewController.swift in Sources */ = {isa = PBXBuildFile; fileRef = 58A70D9125B661580027CC47 /* IntroViewController.swift */; };
		58F051AF259159B3000761AC /* StringProtocol.swift in Sources */ = {isa = PBXBuildFile; fileRef = 58F051AE259159B3000761AC /* StringProtocol.swift */; };
		58F051B4259179FA000761AC /* UIFont.swift in Sources */ = {isa = PBXBuildFile; fileRef = 58F051B3259179FA000761AC /* UIFont.swift */; };
		58F051B925917A1F000761AC /* UILabel.swift in Sources */ = {isa = PBXBuildFile; fileRef = 58F051B825917A1F000761AC /* UILabel.swift */; };
		58F051BF2593C755000761AC /* SadCell.swift in Sources */ = {isa = PBXBuildFile; fileRef = 58F051BD2593C755000761AC /* SadCell.swift */; };
		58F051C02593C755000761AC /* SadCell.xib in Resources */ = {isa = PBXBuildFile; fileRef = 58F051BE2593C755000761AC /* SadCell.xib */; };
		58F051CD259549A8000761AC /* EventDataCleaner.swift in Sources */ = {isa = PBXBuildFile; fileRef = 58F051CC259549A7000761AC /* EventDataCleaner.swift */; };
		58F7EB1E258598A9003588E5 /* Constants.swift in Sources */ = {isa = PBXBuildFile; fileRef = 58F7EB1D258598A9003588E5 /* Constants.swift */; };
		58F7EB2325859B0F003588E5 /* Event.swift in Sources */ = {isa = PBXBuildFile; fileRef = 58F7EB2225859B0F003588E5 /* Event.swift */; };
/* End PBXBuildFile section */

/* Begin PBXContainerItemProxy section */
		582D5FA0257C364C003C5668 /* PBXContainerItemProxy */ = {
			isa = PBXContainerItemProxy;
			containerPortal = 582D5F81257C3647003C5668 /* Project object */;
			proxyType = 1;
			remoteGlobalIDString = 582D5F88257C3647003C5668;
			remoteInfo = Today2;
		};
		582D5FAB257C364C003C5668 /* PBXContainerItemProxy */ = {
			isa = PBXContainerItemProxy;
			containerPortal = 582D5F81257C3647003C5668 /* Project object */;
			proxyType = 1;
			remoteGlobalIDString = 582D5F88257C3647003C5668;
			remoteInfo = Today2;
		};
/* End PBXContainerItemProxy section */

/* Begin PBXFileReference section */
		580A30D4259FD8650024E5F1 /* Reachability.swift */ = {isa = PBXFileReference; lastKnownFileType = sourcecode.swift; path = Reachability.swift; sourceTree = "<group>"; };
		581463C725BCD9110047B804 /* PopularityGetter.swift */ = {isa = PBXFileReference; lastKnownFileType = sourcecode.swift; path = PopularityGetter.swift; sourceTree = "<group>"; };
		581463CF25BCE3DB0047B804 /* Assets.xcassets */ = {isa = PBXFileReference; lastKnownFileType = folder.assetcatalog; name = Assets.xcassets; path = "../../../Downloads/AppIcons 3/Assets.xcassets"; sourceTree = "<group>"; };
		581463D425BCE4100047B804 /* DayData.swift */ = {isa = PBXFileReference; fileEncoding = 4; lastKnownFileType = sourcecode.swift; path = DayData.swift; sourceTree = "<group>"; };
		581463DC25BCE4200047B804 /* DataInterpreter.swift */ = {isa = PBXFileReference; fileEncoding = 4; lastKnownFileType = sourcecode.swift; path = DataInterpreter.swift; sourceTree = "<group>"; };
		581463E425BCE4290047B804 /* Day.swift */ = {isa = PBXFileReference; fileEncoding = 4; lastKnownFileType = sourcecode.swift; path = Day.swift; sourceTree = "<group>"; };
		581463E525BCE4290047B804 /* DataManager.swift */ = {isa = PBXFileReference; fileEncoding = 4; lastKnownFileType = sourcecode.swift; path = DataManager.swift; sourceTree = "<group>"; };
		581463E625BCE42A0047B804 /* String.swift */ = {isa = PBXFileReference; fileEncoding = 4; lastKnownFileType = sourcecode.swift; path = String.swift; sourceTree = "<group>"; };
		582609CE25B8DC380001D30D /* Zip3Generator.swift */ = {isa = PBXFileReference; lastKnownFileType = sourcecode.swift; path = Zip3Generator.swift; sourceTree = "<group>"; };
		582609D925BBDFAE0001D30D /* Dictionary.swift */ = {isa = PBXFileReference; lastKnownFileType = sourcecode.swift; path = Dictionary.swift; sourceTree = "<group>"; };
		582D5F89257C3647003C5668 /* Today2.app */ = {isa = PBXFileReference; explicitFileType = wrapper.application; includeInIndex = 0; path = Today2.app; sourceTree = BUILT_PRODUCTS_DIR; };
		582D5F8C257C3648003C5668 /* AppDelegate.swift */ = {isa = PBXFileReference; lastKnownFileType = sourcecode.swift; path = AppDelegate.swift; sourceTree = "<group>"; };
		582D5F8E257C3648003C5668 /* SceneDelegate.swift */ = {isa = PBXFileReference; lastKnownFileType = sourcecode.swift; path = SceneDelegate.swift; sourceTree = "<group>"; };
		582D5F90257C3648003C5668 /* ViewController.swift */ = {isa = PBXFileReference; lastKnownFileType = sourcecode.swift; path = ViewController.swift; sourceTree = "<group>"; };
		582D5F93257C3648003C5668 /* Base */ = {isa = PBXFileReference; lastKnownFileType = file.storyboard; name = Base; path = Base.lproj/Main.storyboard; sourceTree = "<group>"; };
		582D5F98257C364B003C5668 /* Base */ = {isa = PBXFileReference; lastKnownFileType = file.storyboard; name = Base; path = Base.lproj/LaunchScreen.storyboard; sourceTree = "<group>"; };
		582D5F9A257C364B003C5668 /* Info.plist */ = {isa = PBXFileReference; lastKnownFileType = text.plist.xml; path = Info.plist; sourceTree = "<group>"; };
		582D5F9F257C364C003C5668 /* Today2Tests.xctest */ = {isa = PBXFileReference; explicitFileType = wrapper.cfbundle; includeInIndex = 0; path = Today2Tests.xctest; sourceTree = BUILT_PRODUCTS_DIR; };
		582D5FAA257C364C003C5668 /* Today2UITests.xctest */ = {isa = PBXFileReference; explicitFileType = wrapper.cfbundle; includeInIndex = 0; path = Today2UITests.xctest; sourceTree = BUILT_PRODUCTS_DIR; };
		582D5FBF257C3695003C5668 /* SecondViewController.swift */ = {isa = PBXFileReference; lastKnownFileType = sourcecode.swift; path = SecondViewController.swift; sourceTree = "<group>"; };
		5834076925858E3F00022F0F /* EventViewController.swift */ = {isa = PBXFileReference; lastKnownFileType = sourcecode.swift; path = EventViewController.swift; sourceTree = "<group>"; };
		5847583825C27FE8009EC9B6 /* DPopularityGetter.swift */ = {isa = PBXFileReference; lastKnownFileType = sourcecode.swift; path = DPopularityGetter.swift; sourceTree = "<group>"; };
		586E763F258FD0C600E6F6B5 /* DeathViewController.swift */ = {isa = PBXFileReference; lastKnownFileType = sourcecode.swift; path = DeathViewController.swift; sourceTree = "<group>"; };
		58A70D3025AFADE90027CC47 /* PageViewData.swift */ = {isa = PBXFileReference; lastKnownFileType = sourcecode.swift; path = PageViewData.swift; sourceTree = "<group>"; };
		58A70D9125B661580027CC47 /* IntroViewController.swift */ = {isa = PBXFileReference; lastKnownFileType = sourcecode.swift; path = IntroViewController.swift; sourceTree = "<group>"; };
		58F051AE259159B3000761AC /* StringProtocol.swift */ = {isa = PBXFileReference; lastKnownFileType = sourcecode.swift; path = StringProtocol.swift; sourceTree = "<group>"; };
		58F051B3259179FA000761AC /* UIFont.swift */ = {isa = PBXFileReference; lastKnownFileType = sourcecode.swift; path = UIFont.swift; sourceTree = "<group>"; };
		58F051B825917A1F000761AC /* UILabel.swift */ = {isa = PBXFileReference; lastKnownFileType = sourcecode.swift; path = UILabel.swift; sourceTree = "<group>"; };
		58F051BD2593C755000761AC /* SadCell.swift */ = {isa = PBXFileReference; lastKnownFileType = sourcecode.swift; path = SadCell.swift; sourceTree = "<group>"; };
		58F051BE2593C755000761AC /* SadCell.xib */ = {isa = PBXFileReference; lastKnownFileType = file.xib; path = SadCell.xib; sourceTree = "<group>"; };
		58F051CC259549A7000761AC /* EventDataCleaner.swift */ = {isa = PBXFileReference; lastKnownFileType = sourcecode.swift; path = EventDataCleaner.swift; sourceTree = "<group>"; };
		58F7EB1D258598A9003588E5 /* Constants.swift */ = {isa = PBXFileReference; lastKnownFileType = sourcecode.swift; path = Constants.swift; sourceTree = "<group>"; };
		58F7EB2225859B0F003588E5 /* Event.swift */ = {isa = PBXFileReference; lastKnownFileType = sourcecode.swift; path = Event.swift; sourceTree = "<group>"; };
/* End PBXFileReference section */

/* Begin PBXFrameworksBuildPhase section */
		582D5F86257C3647003C5668 /* Frameworks */ = {
			isa = PBXFrameworksBuildPhase;
			buildActionMask = 2147483647;
			files = (
			);
			runOnlyForDeploymentPostprocessing = 0;
		};
		582D5F9C257C364C003C5668 /* Frameworks */ = {
			isa = PBXFrameworksBuildPhase;
			buildActionMask = 2147483647;
			files = (
			);
			runOnlyForDeploymentPostprocessing = 0;
		};
		582D5FA7257C364C003C5668 /* Frameworks */ = {
			isa = PBXFrameworksBuildPhase;
			buildActionMask = 2147483647;
			files = (
			);
			runOnlyForDeploymentPostprocessing = 0;
		};
/* End PBXFrameworksBuildPhase section */

/* Begin PBXGroup section */
		582D5F80257C3647003C5668 = {
			isa = PBXGroup;
			children = (
				582D5F8B257C3647003C5668 /* Today2 */,
				582D5F8A257C3647003C5668 /* Products */,
			);
			sourceTree = "<group>";
		};
		582D5F8A257C3647003C5668 /* Products */ = {
			isa = PBXGroup;
			children = (
				582D5F89257C3647003C5668 /* Today2.app */,
				582D5F9F257C364C003C5668 /* Today2Tests.xctest */,
				582D5FAA257C364C003C5668 /* Today2UITests.xctest */,
			);
			name = Products;
			sourceTree = "<group>";
		};
		582D5F8B257C3647003C5668 /* Today2 */ = {
			isa = PBXGroup;
			children = (
				582D5F8C257C3648003C5668 /* AppDelegate.swift */,
				582D5F8E257C3648003C5668 /* SceneDelegate.swift */,
				586E7638258FD09C00E6F6B5 /* View Controllers */,
				582D5F92257C3648003C5668 /* Main.storyboard */,
				582D5FC4257C36B7003C5668 /* Other Code Files */,
				582D5F97257C364B003C5668 /* LaunchScreen.storyboard */,
				582D5F9A257C364B003C5668 /* Info.plist */,
				581463CF25BCE3DB0047B804 /* Assets.xcassets */,
			);
			path = Today2;
			sourceTree = "<group>";
		};
		582D5FC4257C36B7003C5668 /* Other Code Files */ = {
			isa = PBXGroup;
			children = (
				58F7EB1D258598A9003588E5 /* Constants.swift */,
				581463D425BCE4100047B804 /* DayData.swift */,
				58F051CC259549A7000761AC /* EventDataCleaner.swift */,
				58A70D3025AFADE90027CC47 /* PageViewData.swift */,
				582609D925BBDFAE0001D30D /* Dictionary.swift */,
				5847583825C27FE8009EC9B6 /* DPopularityGetter.swift */,
				58F7EB2225859B0F003588E5 /* Event.swift */,
				58F051AE259159B3000761AC /* StringProtocol.swift */,
				581463C725BCD9110047B804 /* PopularityGetter.swift */,
				582609CE25B8DC380001D30D /* Zip3Generator.swift */,
				581463DC25BCE4200047B804 /* DataInterpreter.swift */,
				58F051B3259179FA000761AC /* UIFont.swift */,
				580A30D4259FD8650024E5F1 /* Reachability.swift */,
				58F051B825917A1F000761AC /* UILabel.swift */,
				581463E525BCE4290047B804 /* DataManager.swift */,
				581463E425BCE4290047B804 /* Day.swift */,
				581463E625BCE42A0047B804 /* String.swift */,
				58F051BD2593C755000761AC /* SadCell.swift */,
				58F051BE2593C755000761AC /* SadCell.xib */,
			);
			path = "Other Code Files";
			sourceTree = "<group>";
		};
		586E7638258FD09C00E6F6B5 /* View Controllers */ = {
			isa = PBXGroup;
			children = (
				5834076925858E3F00022F0F /* EventViewController.swift */,
				582D5F90257C3648003C5668 /* ViewController.swift */,
				582D5FBF257C3695003C5668 /* SecondViewController.swift */,
				586E763F258FD0C600E6F6B5 /* DeathViewController.swift */,
				58A70D9125B661580027CC47 /* IntroViewController.swift */,
			);
			path = "View Controllers";
			sourceTree = "<group>";
		};
/* End PBXGroup section */

/* Begin PBXNativeTarget section */
		582D5F88257C3647003C5668 /* Today2 */ = {
			isa = PBXNativeTarget;
			buildConfigurationList = 582D5FB3257C364C003C5668 /* Build configuration list for PBXNativeTarget "Today2" */;
			buildPhases = (
				582D5F85257C3647003C5668 /* Sources */,
				582D5F86257C3647003C5668 /* Frameworks */,
				582D5F87257C3647003C5668 /* Resources */,
			);
			buildRules = (
			);
			dependencies = (
			);
			name = Today2;
			productName = Today2;
			productReference = 582D5F89257C3647003C5668 /* Today2.app */;
			productType = "com.apple.product-type.application";
		};
		582D5F9E257C364C003C5668 /* Today2Tests */ = {
			isa = PBXNativeTarget;
			buildConfigurationList = 582D5FB6257C364C003C5668 /* Build configuration list for PBXNativeTarget "Today2Tests" */;
			buildPhases = (
				582D5F9B257C364C003C5668 /* Sources */,
				582D5F9C257C364C003C5668 /* Frameworks */,
				582D5F9D257C364C003C5668 /* Resources */,
			);
			buildRules = (
			);
			dependencies = (
				582D5FA1257C364C003C5668 /* PBXTargetDependency */,
			);
			name = Today2Tests;
			productName = Today2Tests;
			productReference = 582D5F9F257C364C003C5668 /* Today2Tests.xctest */;
			productType = "com.apple.product-type.bundle.unit-test";
		};
		582D5FA9257C364C003C5668 /* Today2UITests */ = {
			isa = PBXNativeTarget;
			buildConfigurationList = 582D5FB9257C364C003C5668 /* Build configuration list for PBXNativeTarget "Today2UITests" */;
			buildPhases = (
				582D5FA6257C364C003C5668 /* Sources */,
				582D5FA7257C364C003C5668 /* Frameworks */,
				582D5FA8257C364C003C5668 /* Resources */,
			);
			buildRules = (
			);
			dependencies = (
				582D5FAC257C364C003C5668 /* PBXTargetDependency */,
			);
			name = Today2UITests;
			productName = Today2UITests;
			productReference = 582D5FAA257C364C003C5668 /* Today2UITests.xctest */;
			productType = "com.apple.product-type.bundle.ui-testing";
		};
/* End PBXNativeTarget section */

/* Begin PBXProject section */
		582D5F81257C3647003C5668 /* Project object */ = {
			isa = PBXProject;
			attributes = {
				LastSwiftUpdateCheck = 1220;
				LastUpgradeCheck = 1220;
				TargetAttributes = {
					582D5F88257C3647003C5668 = {
						CreatedOnToolsVersion = 12.2;
					};
					582D5F9E257C364C003C5668 = {
						CreatedOnToolsVersion = 12.2;
						TestTargetID = 582D5F88257C3647003C5668;
					};
					582D5FA9257C364C003C5668 = {
						CreatedOnToolsVersion = 12.2;
						TestTargetID = 582D5F88257C3647003C5668;
					};
				};
			};
			buildConfigurationList = 582D5F84257C3647003C5668 /* Build configuration list for PBXProject "Today2" */;
			compatibilityVersion = "Xcode 9.3";
			developmentRegion = en;
			hasScannedForEncodings = 0;
			knownRegions = (
				en,
				Base,
			);
			mainGroup = 582D5F80257C3647003C5668;
			productRefGroup = 582D5F8A257C3647003C5668 /* Products */;
			projectDirPath = "";
			projectRoot = "";
			targets = (
				582D5F88257C3647003C5668 /* Today2 */,
				582D5F9E257C364C003C5668 /* Today2Tests */,
				582D5FA9257C364C003C5668 /* Today2UITests */,
			);
		};
/* End PBXProject section */

/* Begin PBXResourcesBuildPhase section */
		582D5F87257C3647003C5668 /* Resources */ = {
			isa = PBXResourcesBuildPhase;
			buildActionMask = 2147483647;
			files = (
				582D5F99257C364B003C5668 /* LaunchScreen.storyboard in Resources */,
				582D5F94257C3648003C5668 /* Main.storyboard in Resources */,
				581463D025BCE3DB0047B804 /* Assets.xcassets in Resources */,
				58F051C02593C755000761AC /* SadCell.xib in Resources */,
			);
			runOnlyForDeploymentPostprocessing = 0;
		};
		582D5F9D257C364C003C5668 /* Resources */ = {
			isa = PBXResourcesBuildPhase;
			buildActionMask = 2147483647;
			files = (
			);
			runOnlyForDeploymentPostprocessing = 0;
		};
		582D5FA8257C364C003C5668 /* Resources */ = {
			isa = PBXResourcesBuildPhase;
			buildActionMask = 2147483647;
			files = (
			);
			runOnlyForDeploymentPostprocessing = 0;
		};
/* End PBXResourcesBuildPhase section */

/* Begin PBXSourcesBuildPhase section */
		582D5F85257C3647003C5668 /* Sources */ = {
			isa = PBXSourcesBuildPhase;
			buildActionMask = 2147483647;
			files = (
				582609CF25B8DC380001D30D /* Zip3Generator.swift in Sources */,
				58F051B4259179FA000761AC /* UIFont.swift in Sources */,
				582609DA25BBDFAE0001D30D /* Dictionary.swift in Sources */,
				581463E925BCE42A0047B804 /* String.swift in Sources */,
				5834076A25858E3F00022F0F /* EventViewController.swift in Sources */,
				581463DD25BCE4200047B804 /* DataInterpreter.swift in Sources */,
				582D5FC0257C3695003C5668 /* SecondViewController.swift in Sources */,
				581463C825BCD9110047B804 /* PopularityGetter.swift in Sources */,
				58F051B925917A1F000761AC /* UILabel.swift in Sources */,
				582D5F91257C3648003C5668 /* ViewController.swift in Sources */,
				581463E825BCE42A0047B804 /* DataManager.swift in Sources */,
				5847583925C27FE8009EC9B6 /* DPopularityGetter.swift in Sources */,
				581463D525BCE4100047B804 /* DayData.swift in Sources */,
				582D5F8D257C3648003C5668 /* AppDelegate.swift in Sources */,
				58F051AF259159B3000761AC /* StringProtocol.swift in Sources */,
				58F051CD259549A8000761AC /* EventDataCleaner.swift in Sources */,
				586E7640258FD0C600E6F6B5 /* DeathViewController.swift in Sources */,
				58A70D3125AFADE90027CC47 /* PageViewData.swift in Sources */,
				581463E725BCE42A0047B804 /* Day.swift in Sources */,
				582D5F8F257C3648003C5668 /* SceneDelegate.swift in Sources */,
				58F7EB1E258598A9003588E5 /* Constants.swift in Sources */,
				58F7EB2325859B0F003588E5 /* Event.swift in Sources */,
				58A70D9225B661580027CC47 /* IntroViewController.swift in Sources */,
				580A30D5259FD8650024E5F1 /* Reachability.swift in Sources */,
				58F051BF2593C755000761AC /* SadCell.swift in Sources */,
			);
			runOnlyForDeploymentPostprocessing = 0;
		};
		582D5F9B257C364C003C5668 /* Sources */ = {
			isa = PBXSourcesBuildPhase;
			buildActionMask = 2147483647;
			files = (
			);
			runOnlyForDeploymentPostprocessing = 0;
		};
		582D5FA6257C364C003C5668 /* Sources */ = {
			isa = PBXSourcesBuildPhase;
			buildActionMask = 2147483647;
			files = (
			);
			runOnlyForDeploymentPostprocessing = 0;
		};
/* End PBXSourcesBuildPhase section */

/* Begin PBXTargetDependency section */
		582D5FA1257C364C003C5668 /* PBXTargetDependency */ = {
			isa = PBXTargetDependency;
			target = 582D5F88257C3647003C5668 /* Today2 */;
			targetProxy = 582D5FA0257C364C003C5668 /* PBXContainerItemProxy */;
		};
		582D5FAC257C364C003C5668 /* PBXTargetDependency */ = {
			isa = PBXTargetDependency;
			target = 582D5F88257C3647003C5668 /* Today2 */;
			targetProxy = 582D5FAB257C364C003C5668 /* PBXContainerItemProxy */;
		};
/* End PBXTargetDependency section */

/* Begin PBXVariantGroup section */
		582D5F92257C3648003C5668 /* Main.storyboard */ = {
			isa = PBXVariantGroup;
			children = (
				582D5F93257C3648003C5668 /* Base */,
			);
			name = Main.storyboard;
			sourceTree = "<group>";
		};
		582D5F97257C364B003C5668 /* LaunchScreen.storyboard */ = {
			isa = PBXVariantGroup;
			children = (
				582D5F98257C364B003C5668 /* Base */,
			);
			name = LaunchScreen.storyboard;
			sourceTree = "<group>";
		};
/* End PBXVariantGroup section */

/* Begin XCBuildConfiguration section */
		582D5FB1257C364C003C5668 /* Debug */ = {
			isa = XCBuildConfiguration;
			buildSettings = {
				ALWAYS_SEARCH_USER_PATHS = NO;
				CLANG_ANALYZER_NONNULL = YES;
				CLANG_ANALYZER_NUMBER_OBJECT_CONVERSION = YES_AGGRESSIVE;
				CLANG_CXX_LANGUAGE_STANDARD = "gnu++14";
				CLANG_CXX_LIBRARY = "libc++";
				CLANG_ENABLE_MODULES = YES;
				CLANG_ENABLE_OBJC_ARC = YES;
				CLANG_ENABLE_OBJC_WEAK = YES;
				CLANG_WARN_BLOCK_CAPTURE_AUTORELEASING = YES;
				CLANG_WARN_BOOL_CONVERSION = YES;
				CLANG_WARN_COMMA = YES;
				CLANG_WARN_CONSTANT_CONVERSION = YES;
				CLANG_WARN_DEPRECATED_OBJC_IMPLEMENTATIONS = YES;
				CLANG_WARN_DIRECT_OBJC_ISA_USAGE = YES_ERROR;
				CLANG_WARN_DOCUMENTATION_COMMENTS = YES;
				CLANG_WARN_EMPTY_BODY = YES;
				CLANG_WARN_ENUM_CONVERSION = YES;
				CLANG_WARN_INFINITE_RECURSION = YES;
				CLANG_WARN_INT_CONVERSION = YES;
				CLANG_WARN_NON_LITERAL_NULL_CONVERSION = YES;
				CLANG_WARN_OBJC_IMPLICIT_RETAIN_SELF = YES;
				CLANG_WARN_OBJC_LITERAL_CONVERSION = YES;
				CLANG_WARN_OBJC_ROOT_CLASS = YES_ERROR;
				CLANG_WARN_QUOTED_INCLUDE_IN_FRAMEWORK_HEADER = YES;
				CLANG_WARN_RANGE_LOOP_ANALYSIS = YES;
				CLANG_WARN_STRICT_PROTOTYPES = YES;
				CLANG_WARN_SUSPICIOUS_MOVE = YES;
				CLANG_WARN_UNGUARDED_AVAILABILITY = YES_AGGRESSIVE;
				CLANG_WARN_UNREACHABLE_CODE = YES;
				CLANG_WARN__DUPLICATE_METHOD_MATCH = YES;
				COPY_PHASE_STRIP = NO;
				DEBUG_INFORMATION_FORMAT = dwarf;
				ENABLE_STRICT_OBJC_MSGSEND = YES;
				ENABLE_TESTABILITY = YES;
				GCC_C_LANGUAGE_STANDARD = gnu11;
				GCC_DYNAMIC_NO_PIC = NO;
				GCC_NO_COMMON_BLOCKS = YES;
				GCC_OPTIMIZATION_LEVEL = 0;
				GCC_PREPROCESSOR_DEFINITIONS = (
					"DEBUG=1",
					"$(inherited)",
				);
				GCC_WARN_64_TO_32_BIT_CONVERSION = YES;
				GCC_WARN_ABOUT_RETURN_TYPE = YES_ERROR;
				GCC_WARN_UNDECLARED_SELECTOR = YES;
				GCC_WARN_UNINITIALIZED_AUTOS = YES_AGGRESSIVE;
				GCC_WARN_UNUSED_FUNCTION = YES;
				GCC_WARN_UNUSED_VARIABLE = YES;
				IPHONEOS_DEPLOYMENT_TARGET = 14.2;
				MTL_ENABLE_DEBUG_INFO = INCLUDE_SOURCE;
				MTL_FAST_MATH = YES;
				ONLY_ACTIVE_ARCH = YES;
				SDKROOT = iphoneos;
				SWIFT_ACTIVE_COMPILATION_CONDITIONS = DEBUG;
				SWIFT_OPTIMIZATION_LEVEL = "-Onone";
			};
			name = Debug;
		};
		582D5FB2257C364C003C5668 /* Release */ = {
			isa = XCBuildConfiguration;
			buildSettings = {
				ALWAYS_SEARCH_USER_PATHS = NO;
				CLANG_ANALYZER_NONNULL = YES;
				CLANG_ANALYZER_NUMBER_OBJECT_CONVERSION = YES_AGGRESSIVE;
				CLANG_CXX_LANGUAGE_STANDARD = "gnu++14";
				CLANG_CXX_LIBRARY = "libc++";
				CLANG_ENABLE_MODULES = YES;
				CLANG_ENABLE_OBJC_ARC = YES;
				CLANG_ENABLE_OBJC_WEAK = YES;
				CLANG_WARN_BLOCK_CAPTURE_AUTORELEASING = YES;
				CLANG_WARN_BOOL_CONVERSION = YES;
				CLANG_WARN_COMMA = YES;
				CLANG_WARN_CONSTANT_CONVERSION = YES;
				CLANG_WARN_DEPRECATED_OBJC_IMPLEMENTATIONS = YES;
				CLANG_WARN_DIRECT_OBJC_ISA_USAGE = YES_ERROR;
				CLANG_WARN_DOCUMENTATION_COMMENTS = YES;
				CLANG_WARN_EMPTY_BODY = YES;
				CLANG_WARN_ENUM_CONVERSION = YES;
				CLANG_WARN_INFINITE_RECURSION = YES;
				CLANG_WARN_INT_CONVERSION = YES;
				CLANG_WARN_NON_LITERAL_NULL_CONVERSION = YES;
				CLANG_WARN_OBJC_IMPLICIT_RETAIN_SELF = YES;
				CLANG_WARN_OBJC_LITERAL_CONVERSION = YES;
				CLANG_WARN_OBJC_ROOT_CLASS = YES_ERROR;
				CLANG_WARN_QUOTED_INCLUDE_IN_FRAMEWORK_HEADER = YES;
				CLANG_WARN_RANGE_LOOP_ANALYSIS = YES;
				CLANG_WARN_STRICT_PROTOTYPES = YES;
				CLANG_WARN_SUSPICIOUS_MOVE = YES;
				CLANG_WARN_UNGUARDED_AVAILABILITY = YES_AGGRESSIVE;
				CLANG_WARN_UNREACHABLE_CODE = YES;
				CLANG_WARN__DUPLICATE_METHOD_MATCH = YES;
				COPY_PHASE_STRIP = NO;
				DEBUG_INFORMATION_FORMAT = "dwarf-with-dsym";
				ENABLE_NS_ASSERTIONS = NO;
				ENABLE_STRICT_OBJC_MSGSEND = YES;
				GCC_C_LANGUAGE_STANDARD = gnu11;
				GCC_NO_COMMON_BLOCKS = YES;
				GCC_WARN_64_TO_32_BIT_CONVERSION = YES;
				GCC_WARN_ABOUT_RETURN_TYPE = YES_ERROR;
				GCC_WARN_UNDECLARED_SELECTOR = YES;
				GCC_WARN_UNINITIALIZED_AUTOS = YES_AGGRESSIVE;
				GCC_WARN_UNUSED_FUNCTION = YES;
				GCC_WARN_UNUSED_VARIABLE = YES;
				IPHONEOS_DEPLOYMENT_TARGET = 14.2;
				MTL_ENABLE_DEBUG_INFO = NO;
				MTL_FAST_MATH = YES;
				SDKROOT = iphoneos;
				SWIFT_COMPILATION_MODE = wholemodule;
				SWIFT_OPTIMIZATION_LEVEL = "-O";
				VALIDATE_PRODUCT = YES;
			};
			name = Release;
		};
		582D5FB4257C364C003C5668 /* Debug */ = {
			isa = XCBuildConfiguration;
			buildSettings = {
				ASSETCATALOG_COMPILER_APPICON_NAME = AppIcon;
				ASSETCATALOG_COMPILER_GLOBAL_ACCENT_COLOR_NAME = AccentColor;
				CODE_SIGN_STYLE = Automatic;
				DEVELOPMENT_TEAM = VR87F8NANU;
				INFOPLIST_FILE = Today2/Info.plist;
				LD_RUNPATH_SEARCH_PATHS = (
					"$(inherited)",
					"@executable_path/Frameworks",
				);
				MARKETING_VERSION = 1.2.0;
				PRODUCT_BUNDLE_IDENTIFIER = com.ved.today2;
				PRODUCT_NAME = "$(TARGET_NAME)";
				SWIFT_VERSION = 5.0;
				TARGETED_DEVICE_FAMILY = "1,2";
			};
			name = Debug;
		};
		582D5FB5257C364C003C5668 /* Release */ = {
			isa = XCBuildConfiguration;
			buildSettings = {
				ASSETCATALOG_COMPILER_APPICON_NAME = AppIcon;
				ASSETCATALOG_COMPILER_GLOBAL_ACCENT_COLOR_NAME = AccentColor;
				CODE_SIGN_STYLE = Automatic;
				DEVELOPMENT_TEAM = VR87F8NANU;
				INFOPLIST_FILE = Today2/Info.plist;
				LD_RUNPATH_SEARCH_PATHS = (
					"$(inherited)",
					"@executable_path/Frameworks",
				);
				MARKETING_VERSION = 1.2.0;
				PRODUCT_BUNDLE_IDENTIFIER = com.ved.today2;
				PRODUCT_NAME = "$(TARGET_NAME)";
				SWIFT_VERSION = 5.0;
				TARGETED_DEVICE_FAMILY = "1,2";
			};
			name = Release;
		};
		582D5FB7257C364C003C5668 /* Debug */ = {
			isa = XCBuildConfiguration;
			buildSettings = {
				ALWAYS_EMBED_SWIFT_STANDARD_LIBRARIES = YES;
				BUNDLE_LOADER = "$(TEST_HOST)";
				CODE_SIGN_STYLE = Automatic;
				DEVELOPMENT_TEAM = JLUTX9D4WB;
				INFOPLIST_FILE = Today2Tests/Info.plist;
				IPHONEOS_DEPLOYMENT_TARGET = 14.2;
				LD_RUNPATH_SEARCH_PATHS = (
					"$(inherited)",
					"@executable_path/Frameworks",
					"@loader_path/Frameworks",
				);
				PRODUCT_BUNDLE_IDENTIFIER = com.ved.Today2Tests;
				PRODUCT_NAME = "$(TARGET_NAME)";
				SWIFT_VERSION = 5.0;
				TARGETED_DEVICE_FAMILY = "1,2";
				TEST_HOST = "$(BUILT_PRODUCTS_DIR)/Today2.app/Today2";
			};
			name = Debug;
		};
		582D5FB8257C364C003C5668 /* Release */ = {
			isa = XCBuildConfiguration;
			buildSettings = {
				ALWAYS_EMBED_SWIFT_STANDARD_LIBRARIES = YES;
				BUNDLE_LOADER = "$(TEST_HOST)";
				CODE_SIGN_STYLE = Automatic;
				DEVELOPMENT_TEAM = JLUTX9D4WB;
				INFOPLIST_FILE = Today2Tests/Info.plist;
				IPHONEOS_DEPLOYMENT_TARGET = 14.2;
				LD_RUNPATH_SEARCH_PATHS = (
					"$(inherited)",
					"@executable_path/Frameworks",
					"@loader_path/Frameworks",
				);
				PRODUCT_BUNDLE_IDENTIFIER = com.ved.Today2Tests;
				PRODUCT_NAME = "$(TARGET_NAME)";
				SWIFT_VERSION = 5.0;
				TARGETED_DEVICE_FAMILY = "1,2";
				TEST_HOST = "$(BUILT_PRODUCTS_DIR)/Today2.app/Today2";
			};
			name = Release;
		};
		582D5FBA257C364C003C5668 /* Debug */ = {
			isa = XCBuildConfiguration;
			buildSettings = {
				ALWAYS_EMBED_SWIFT_STANDARD_LIBRARIES = YES;
				CODE_SIGN_STYLE = Automatic;
				DEVELOPMENT_TEAM = JLUTX9D4WB;
				INFOPLIST_FILE = Today2UITests/Info.plist;
				LD_RUNPATH_SEARCH_PATHS = (
					"$(inherited)",
					"@executable_path/Frameworks",
					"@loader_path/Frameworks",
				);
				PRODUCT_BUNDLE_IDENTIFIER = com.ved.Today2UITests;
				PRODUCT_NAME = "$(TARGET_NAME)";
				SWIFT_VERSION = 5.0;
				TARGETED_DEVICE_FAMILY = "1,2";
				TEST_TARGET_NAME = Today2;
			};
			name = Debug;
		};
		582D5FBB257C364C003C5668 /* Release */ = {
			isa = XCBuildConfiguration;
			buildSettings = {
				ALWAYS_EMBED_SWIFT_STANDARD_LIBRARIES = YES;
				CODE_SIGN_STYLE = Automatic;
				DEVELOPMENT_TEAM = JLUTX9D4WB;
				INFOPLIST_FILE = Today2UITests/Info.plist;
				LD_RUNPATH_SEARCH_PATHS = (
					"$(inherited)",
					"@executable_path/Frameworks",
					"@loader_path/Frameworks",
				);
				PRODUCT_BUNDLE_IDENTIFIER = com.ved.Today2UITests;
				PRODUCT_NAME = "$(TARGET_NAME)";
				SWIFT_VERSION = 5.0;
				TARGETED_DEVICE_FAMILY = "1,2";
				TEST_TARGET_NAME = Today2;
			};
			name = Release;
		};
/* End XCBuildConfiguration section */

/* Begin XCConfigurationList section */
		582D5F84257C3647003C5668 /* Build configuration list for PBXProject "Today2" */ = {
			isa = XCConfigurationList;
			buildConfigurations = (
				582D5FB1257C364C003C5668 /* Debug */,
				582D5FB2257C364C003C5668 /* Release */,
			);
			defaultConfigurationIsVisible = 0;
			defaultConfigurationName = Release;
		};
		582D5FB3257C364C003C5668 /* Build configuration list for PBXNativeTarget "Today2" */ = {
			isa = XCConfigurationList;
			buildConfigurations = (
				582D5FB4257C364C003C5668 /* Debug */,
				582D5FB5257C364C003C5668 /* Release */,
			);
			defaultConfigurationIsVisible = 0;
			defaultConfigurationName = Release;
		};
		582D5FB6257C364C003C5668 /* Build configuration list for PBXNativeTarget "Today2Tests" */ = {
			isa = XCConfigurationList;
			buildConfigurations = (
				582D5FB7257C364C003C5668 /* Debug */,
				582D5FB8257C364C003C5668 /* Release */,
			);
			defaultConfigurationIsVisible = 0;
			defaultConfigurationName = Release;
		};
		582D5FB9257C364C003C5668 /* Build configuration list for PBXNativeTarget "Today2UITests" */ = {
			isa = XCConfigurationList;
			buildConfigurations = (
				582D5FBA257C364C003C5668 /* Debug */,
				582D5FBB257C364C003C5668 /* Release */,
			);
			defaultConfigurationIsVisible = 0;
			defaultConfigurationName = Release;
		};
/* End XCConfigurationList section */
	};
	rootObject = 582D5F81257C3647003C5668 /* Project object */;
}
